
Microsoft Visual Studio Solution File, Format Version 12.00
# Visual Studio 14
VisualStudioVersion = 14.0.25420.1
MinimumVisualStudioVersion = 10.0.40219.1
Project("{FAE04EC0-301F-11D3-BF4B-00C04F79EFBC}") = "EmotionRecognition.Service", "EmotionRecognition.Service\EmotionRecognition.Service.csproj", "{A7E9080C-BA65-4778-BCEB-52A1A5BE3ADC}"
EndProject
Project("{FAE04EC0-301F-11D3-BF4B-00C04F79EFBC}") = "EmotionRecognition.Common", "EmotionRecognition.Common\EmotionRecognition.Common.csproj", "{32DF0217-997C-42A3-9B45-79B62B62C578}"
EndProject
Project("{FAE04EC0-301F-11D3-BF4B-00C04F79EFBC}") = "EmotionRecognition.FeatureExtraction", "EmotionRecognition.FeatureExtraction\EmotionRecognition.FeatureExtraction.csproj", "{C19B43E5-ED41-4190-A832-D7C244F707F7}"
EndProject
Project("{FAE04EC0-301F-11D3-BF4B-00C04F79EFBC}") = "EmotionRecognition.Weka", "EmotionRecognition.Weka\EmotionRecognition.Weka.csproj", "{ABA35B73-A074-45E3-ADDD-713EB0DA46AA}"
EndProject
Project("{FAE04EC0-301F-11D3-BF4B-00C04F79EFBC}") = "EmotionRecognitionForm", "EmotionRecognitionForm\EmotionRecognitionForm.csproj", "{2018FB64-09B3-4C76-819A-9C5F3BCBE722}"
EndProject
Project("{54435603-DBB4-11D2-8724-00A0C9A8B90C}") = "EmotionRecognitionSetup", "EmotionRecognitionSetup\EmotionRecognitionSetup.vdproj", "{CF68916A-5631-450A-BABB-D00D3AA39080}"
EndProject
Global
	GlobalSection(SolutionConfigurationPlatforms) = preSolution
		Debug|Any CPU = Debug|Any CPU
		Debug|x64 = Debug|x64
		Debug|x86 = Debug|x86
		Release|Any CPU = Release|Any CPU
		Release|x64 = Release|x64
		Release|x86 = Release|x86
	EndGlobalSection
	GlobalSection(ProjectConfigurationPlatforms) = postSolution
		{A7E9080C-BA65-4778-BCEB-52A1A5BE3ADC}.Debug|Any CPU.ActiveCfg = Debug|Any CPU
		{A7E9080C-BA65-4778-BCEB-52A1A5BE3ADC}.Debug|Any CPU.Build.0 = Debug|Any CPU
		{A7E9080C-BA65-4778-BCEB-52A1A5BE3ADC}.Debug|x64.ActiveCfg = Debug|x64
		{A7E9080C-BA65-4778-BCEB-52A1A5BE3ADC}.Debug|x64.Build.0 = Debug|x64
		{A7E9080C-BA65-4778-BCEB-52A1A5BE3ADC}.Debug|x86.ActiveCfg = Debug|x86
		{A7E9080C-BA65-4778-BCEB-52A1A5BE3ADC}.Debug|x86.Build.0 = Debug|x86
		{A7E9080C-BA65-4778-BCEB-52A1A5BE3ADC}.Release|Any CPU.ActiveCfg = Release|Any CPU
		{A7E9080C-BA65-4778-BCEB-52A1A5BE3ADC}.Release|Any CPU.Build.0 = Release|Any CPU
		{A7E9080C-BA65-4778-BCEB-52A1A5BE3ADC}.Release|x64.ActiveCfg = Release|x64
		{A7E9080C-BA65-4778-BCEB-52A1A5BE3ADC}.Release|x64.Build.0 = Release|x64
		{A7E9080C-BA65-4778-BCEB-52A1A5BE3ADC}.Release|x86.ActiveCfg = Release|x86
		{A7E9080C-BA65-4778-BCEB-52A1A5BE3ADC}.Release|x86.Build.0 = Release|x86
		{32DF0217-997C-42A3-9B45-79B62B62C578}.Debug|Any CPU.ActiveCfg = Debug|Any CPU
		{32DF0217-997C-42A3-9B45-79B62B62C578}.Debug|Any CPU.Build.0 = Debug|Any CPU
		{32DF0217-997C-42A3-9B45-79B62B62C578}.Debug|x64.ActiveCfg = Debug|x64
		{32DF0217-997C-42A3-9B45-79B62B62C578}.Debug|x64.Build.0 = Debug|x64
		{32DF0217-997C-42A3-9B45-79B62B62C578}.Debug|x86.ActiveCfg = Debug|x86
		{32DF0217-997C-42A3-9B45-79B62B62C578}.Debug|x86.Build.0 = Debug|x86
		{32DF0217-997C-42A3-9B45-79B62B62C578}.Release|Any CPU.ActiveCfg = Release|Any CPU
		{32DF0217-997C-42A3-9B45-79B62B62C578}.Release|Any CPU.Build.0 = Release|Any CPU
		{32DF0217-997C-42A3-9B45-79B62B62C578}.Release|x64.ActiveCfg = Release|x64
		{32DF0217-997C-42A3-9B45-79B62B62C578}.Release|x64.Build.0 = Release|x64
		{32DF0217-997C-42A3-9B45-79B62B62C578}.Release|x86.ActiveCfg = Release|x86
		{32DF0217-997C-42A3-9B45-79B62B62C578}.Release|x86.Build.0 = Release|x86
		{C19B43E5-ED41-4190-A832-D7C244F707F7}.Debug|Any CPU.ActiveCfg = Debug|Any CPU
		{C19B43E5-ED41-4190-A832-D7C244F707F7}.Debug|Any CPU.Build.0 = Debug|Any CPU
		{C19B43E5-ED41-4190-A832-D7C244F707F7}.Debug|x64.ActiveCfg = Debug|x64
		{C19B43E5-ED41-4190-A832-D7C244F707F7}.Debug|x64.Build.0 = Debug|x64
		{C19B43E5-ED41-4190-A832-D7C244F707F7}.Debug|x86.ActiveCfg = Debug|x86
		{C19B43E5-ED41-4190-A832-D7C244F707F7}.Debug|x86.Build.0 = Debug|x86
		{C19B43E5-ED41-4190-A832-D7C244F707F7}.Release|Any CPU.ActiveCfg = Release|Any CPU
		{C19B43E5-ED41-4190-A832-D7C244F707F7}.Release|Any CPU.Build.0 = Release|Any CPU
		{C19B43E5-ED41-4190-A832-D7C244F707F7}.Release|x64.ActiveCfg = Release|x64
		{C19B43E5-ED41-4190-A832-D7C244F707F7}.Release|x64.Build.0 = Release|x64
		{C19B43E5-ED41-4190-A832-D7C244F707F7}.Release|x86.ActiveCfg = Release|x86
		{C19B43E5-ED41-4190-A832-D7C244F707F7}.Release|x86.Build.0 = Release|x86
		{ABA35B73-A074-45E3-ADDD-713EB0DA46AA}.Debug|Any CPU.ActiveCfg = Debug|Any CPU
		{ABA35B73-A074-45E3-ADDD-713EB0DA46AA}.Debug|Any CPU.Build.0 = Debug|Any CPU
		{ABA35B73-A074-45E3-ADDD-713EB0DA46AA}.Debug|x64.ActiveCfg = Debug|x64
		{ABA35B73-A074-45E3-ADDD-713EB0DA46AA}.Debug|x64.Build.0 = Debug|x64
		{ABA35B73-A074-45E3-ADDD-713EB0DA46AA}.Debug|x86.ActiveCfg = Debug|x86
		{ABA35B73-A074-45E3-ADDD-713EB0DA46AA}.Debug|x86.Build.0 = Debug|x86
		{ABA35B73-A074-45E3-ADDD-713EB0DA46AA}.Release|Any CPU.ActiveCfg = Release|Any CPU
		{ABA35B73-A074-45E3-ADDD-713EB0DA46AA}.Release|Any CPU.Build.0 = Release|Any CPU
		{ABA35B73-A074-45E3-ADDD-713EB0DA46AA}.Release|x64.ActiveCfg = Release|x64
		{ABA35B73-A074-45E3-ADDD-713EB0DA46AA}.Release|x64.Build.0 = Release|x64
		{ABA35B73-A074-45E3-ADDD-713EB0DA46AA}.Release|x86.ActiveCfg = Release|x86
		{ABA35B73-A074-45E3-ADDD-713EB0DA46AA}.Release|x86.Build.0 = Release|x86
		{2018FB64-09B3-4C76-819A-9C5F3BCBE722}.Debug|Any CPU.ActiveCfg = Debug|Any CPU
		{2018FB64-09B3-4C76-819A-9C5F3BCBE722}.Debug|Any CPU.Build.0 = Debug|Any CPU
		{2018FB64-09B3-4C76-819A-9C5F3BCBE722}.Debug|x64.ActiveCfg = Debug|x64
		{2018FB64-09B3-4C76-819A-9C5F3BCBE722}.Debug|x64.Build.0 = Debug|x64
		{2018FB64-09B3-4C76-819A-9C5F3BCBE722}.Debug|x86.ActiveCfg = Debug|x86
		{2018FB64-09B3-4C76-819A-9C5F3BCBE722}.Debug|x86.Build.0 = Debug|x86
		{2018FB64-09B3-4C76-819A-9C5F3BCBE722}.Release|Any CPU.ActiveCfg = Release|Any CPU
		{2018FB64-09B3-4C76-819A-9C5F3BCBE722}.Release|Any CPU.Build.0 = Release|Any CPU
		{2018FB64-09B3-4C76-819A-9C5F3BCBE722}.Release|x64.ActiveCfg = Release|x64
		{2018FB64-09B3-4C76-819A-9C5F3BCBE722}.Release|x64.Build.0 = Release|x64
		{2018FB64-09B3-4C76-819A-9C5F3BCBE722}.Release|x86.ActiveCfg = Release|x86
		{2018FB64-09B3-4C76-819A-9C5F3BCBE722}.Release|x86.Build.0 = Release|x86
		{CF68916A-5631-450A-BABB-D00D3AA39080}.Debug|Any CPU.ActiveCfg = Debug
		{CF68916A-5631-450A-BABB-D00D3AA39080}.Debug|x64.ActiveCfg = Debug
		{CF68916A-5631-450A-BABB-D00D3AA39080}.Debug|x86.ActiveCfg = Debug
		{CF68916A-5631-450A-BABB-D00D3AA39080}.Debug|x86.Build.0 = Debug
		{CF68916A-5631-450A-BABB-D00D3AA39080}.Release|Any CPU.ActiveCfg = Release
		{CF68916A-5631-450A-BABB-D00D3AA39080}.Release|x64.ActiveCfg = Release
		{CF68916A-5631-450A-BABB-D00D3AA39080}.Release|x86.ActiveCfg = Release
		{CF68916A-5631-450A-BABB-D00D3AA39080}.Release|x86.Build.0 = Release
	EndGlobalSection
	GlobalSection(SolutionProperties) = preSolution
		HideSolutionNode = FALSE
	EndGlobalSection
EndGlobal
